{
    "version": 3,
    "terraform_version": "0.11.5",
    "serial": 33,
    "lineage": "7b55d053-fce8-06b5-b382-806ae4202a5a",
    "modules": [
        {
            "path": [
                "root"
            ],
            "outputs": {},
            "resources": {},
            "depends_on": []
        },
        {
            "path": [
                "root",
                "ec2"
            ],
            "outputs": {},
            "resources": {
                "aws_instance.instance.0": {
                    "type": "aws_instance",
                    "depends_on": [],
                    "primary": {
                        "id": "i-07f3263eeb666032e",
                        "attributes": {
                            "ami": "ami-667b048c",
                            "associate_public_ip_address": "true",
                            "availability_zone": "ap-southeast-1b",
                            "credit_specification.#": "1",
                            "credit_specification.0.cpu_credits": "standard",
                            "disable_api_termination": "false",
                            "ebs_block_device.#": "1",
                            "ebs_block_device.2576023345.delete_on_termination": "true",
                            "ebs_block_device.2576023345.device_name": "/dev/sdb",
                            "ebs_block_device.2576023345.encrypted": "false",
                            "ebs_block_device.2576023345.iops": "300",
                            "ebs_block_device.2576023345.snapshot_id": "",
                            "ebs_block_device.2576023345.volume_id": "vol-07277ff9e568f34f9",
                            "ebs_block_device.2576023345.volume_size": "100",
                            "ebs_block_device.2576023345.volume_type": "gp2",
                            "ebs_optimized": "false",
                            "ephemeral_block_device.#": "0",
                            "get_password_data": "false",
                            "iam_instance_profile": "",
                            "id": "i-07f3263eeb666032e",
                            "instance_state": "running",
                            "instance_type": "t2.small",
                            "ipv6_addresses.#": "0",
                            "key_name": "awskeyprivate",
                            "monitoring": "false",
                            "network_interface.#": "0",
                            "network_interface_id": "eni-f2b802a9",
                            "password_data": "",
                            "placement_group": "",
                            "primary_network_interface_id": "eni-f2b802a9",
                            "private_dns": "ip-172-31-17-14.ap-southeast-1.compute.internal",
                            "private_ip": "172.31.17.14",
                            "public_dns": "ec2-54-255-243-188.ap-southeast-1.compute.amazonaws.com",
                            "public_ip": "54.255.243.188",
                            "root_block_device.#": "1",
                            "root_block_device.0.delete_on_termination": "true",
                            "root_block_device.0.iops": "100",
                            "root_block_device.0.volume_id": "vol-03780d401b7c11655",
                            "root_block_device.0.volume_size": "22",
                            "root_block_device.0.volume_type": "gp2",
                            "security_groups.#": "1",
                            "security_groups.3814588639": "default",
                            "source_dest_check": "true",
                            "subnet_id": "subnet-165f1d71",
                            "tags.%": "3",
                            "tags.Env": "development",
                            "tags.Name": "devops-fullname-cilsy",
                            "tags.Purpose": "Training",
                            "tenancy": "default",
                            "volume_tags.%": "3",
                            "volume_tags.Env": "development",
                            "volume_tags.Name": "devops-fullname-cilsy",
                            "volume_tags.Purpose": "Training",
                            "vpc_security_group_ids.#": "1",
                            "vpc_security_group_ids.3276946148": "sg-e28a399b"
                        },
                        "meta": {
                            "e2bfb730-ecaa-11e6-8f88-34363bc7c4c0": {
                                "create": 600000000000,
                                "delete": 1200000000000,
                                "update": 600000000000
                            },
                            "schema_version": "1"
                        },
                        "tainted": false
                    },
                    "deposed": [],
                    "provider": "module.ec2.provider.aws"
                },
                "aws_instance.instance.1": {
                    "type": "aws_instance",
                    "depends_on": [],
                    "primary": {
                        "id": "i-06e017245fac4b7ad",
                        "attributes": {
                            "ami": "ami-667b048c",
                            "associate_public_ip_address": "true",
                            "availability_zone": "ap-southeast-1b",
                            "credit_specification.#": "1",
                            "credit_specification.0.cpu_credits": "standard",
                            "disable_api_termination": "false",
                            "ebs_block_device.#": "1",
                            "ebs_block_device.2576023345.delete_on_termination": "true",
                            "ebs_block_device.2576023345.device_name": "/dev/sdb",
                            "ebs_block_device.2576023345.encrypted": "false",
                            "ebs_block_device.2576023345.iops": "300",
                            "ebs_block_device.2576023345.snapshot_id": "",
                            "ebs_block_device.2576023345.volume_id": "vol-05573869b03c3890a",
                            "ebs_block_device.2576023345.volume_size": "100",
                            "ebs_block_device.2576023345.volume_type": "gp2",
                            "ebs_optimized": "false",
                            "ephemeral_block_device.#": "0",
                            "get_password_data": "false",
                            "iam_instance_profile": "",
                            "id": "i-06e017245fac4b7ad",
                            "instance_state": "running",
                            "instance_type": "t2.small",
                            "ipv6_addresses.#": "0",
                            "key_name": "awskeyprivate",
                            "monitoring": "false",
                            "network_interface.#": "0",
                            "network_interface_id": "eni-8eb10bd5",
                            "password_data": "",
                            "placement_group": "",
                            "primary_network_interface_id": "eni-8eb10bd5",
                            "private_dns": "ip-172-31-28-104.ap-southeast-1.compute.internal",
                            "private_ip": "172.31.28.104",
                            "public_dns": "ec2-54-169-180-217.ap-southeast-1.compute.amazonaws.com",
                            "public_ip": "54.169.180.217",
                            "root_block_device.#": "1",
                            "root_block_device.0.delete_on_termination": "true",
                            "root_block_device.0.iops": "100",
                            "root_block_device.0.volume_id": "vol-04a9e3de159ccb0b7",
                            "root_block_device.0.volume_size": "22",
                            "root_block_device.0.volume_type": "gp2",
                            "security_groups.#": "1",
                            "security_groups.3814588639": "default",
                            "source_dest_check": "true",
                            "subnet_id": "subnet-165f1d71",
                            "tags.%": "3",
                            "tags.Env": "development",
                            "tags.Name": "devops-fullname-cilsy",
                            "tags.Purpose": "Training",
                            "tenancy": "default",
                            "volume_tags.%": "3",
                            "volume_tags.Env": "development",
                            "volume_tags.Name": "devops-fullname-cilsy",
                            "volume_tags.Purpose": "Training",
                            "vpc_security_group_ids.#": "1",
                            "vpc_security_group_ids.3276946148": "sg-e28a399b"
                        },
                        "meta": {
                            "e2bfb730-ecaa-11e6-8f88-34363bc7c4c0": {
                                "create": 600000000000,
                                "delete": 1200000000000,
                                "update": 600000000000
                            },
                            "schema_version": "1"
                        },
                        "tainted": false
                    },
                    "deposed": [],
                    "provider": "module.ec2.provider.aws"
                }
            },
            "depends_on": []
        }
    ]
}
